{
  "nodes": {
    "dotfiles": {
      "flake": false,
      "locked": {
        "lastModified": 1735891449,
        "narHash": "sha256-OPT/QXWmb5QDWUyGSYafUhQ1HvH7+m3ZJtAqWCZly6g=",
        "owner": "pyrsson",
        "repo": "dotfiles",
        "rev": "edfc593d3ae66ee9e8a9fd2f05ec37950892d487",
        "type": "github"
      },
      "original": {
        "owner": "pyrsson",
        "repo": "dotfiles",
        "type": "github"
      }
    },
    "home-manager": {
      "inputs": {
        "nixpkgs": [
          "nixpkgs"
        ]
      },
      "locked": {
        "lastModified": 1736373539,
        "narHash": "sha256-dinzAqCjenWDxuy+MqUQq0I4zUSfaCvN9rzuCmgMZJY=",
        "owner": "nix-community",
        "repo": "home-manager",
        "rev": "bd65bc3cde04c16755955630b344bc9e35272c56",
        "type": "github"
      },
      "original": {
        "owner": "nix-community",
        "ref": "release-24.11",
        "repo": "home-manager",
        "type": "github"
      }
    },
    "nixpkgs": {
      "locked": {
        "lastModified": 1736200483,
        "narHash": "sha256-JO+lFN2HsCwSLMUWXHeOad6QUxOuwe9UOAF/iSl1J4I=",
        "owner": "nixos",
        "repo": "nixpkgs",
        "rev": "3f0a8ac25fb674611b98089ca3a5dd6480175751",
        "type": "github"
      },
      "original": {
        "owner": "nixos",
        "ref": "nixos-24.11",
        "repo": "nixpkgs",
        "type": "github"
      }
    },
    "nixpkgs-unstable": {
      "locked": {
        "lastModified": 1736344531,
        "narHash": "sha256-8YVQ9ZbSfuUk2bUf2KRj60NRraLPKPS0Q4QFTbc+c2c=",
        "owner": "nixos",
        "repo": "nixpkgs",
        "rev": "bffc22eb12172e6db3c5dde9e3e5628f8e3e7912",
        "type": "github"
      },
      "original": {
        "owner": "nixos",
        "ref": "nixos-unstable",
        "repo": "nixpkgs",
        "type": "github"
      }
    },
    "root": {
      "inputs": {
        "dotfiles": "dotfiles",
        "home-manager": "home-manager",
        "nixpkgs": "nixpkgs",
        "nixpkgs-unstable": "nixpkgs-unstable",
        "tokyonight-nvim": "tokyonight-nvim",
        "umu": "umu"
      }
    },
    "tokyonight-nvim": {
      "flake": false,
      "locked": {
        "lastModified": 1736055225,
        "narHash": "sha256-LMJeJ/2LWiUHGOpFi2zIY7tKAxTpnreFoNbA6dQYPGc=",
        "owner": "folke",
        "repo": "tokyonight.nvim",
        "rev": "7bb270adaa7692c2c33befc35f5567fc596a2504",
        "type": "github"
      },
      "original": {
        "owner": "folke",
        "repo": "tokyonight.nvim",
        "type": "github"
      }
    },
    "umu": {
      "inputs": {
        "nixpkgs": [
          "nixpkgs"
        ]
      },
      "locked": {
        "dir": "packaging/nix",
        "lastModified": 1735507919,
        "narHash": "sha256-4cR4mk1660p3y8wnX0XbHSQh4KX0mbMn6/2YnALNt8o=",
        "owner": "Open-Wine-Components",
        "repo": "umu-launcher",
        "rev": "59a82ea8cd284c7535bc06b8f6156abb7da96f6a",
        "type": "github"
      },
      "original": {
        "dir": "packaging/nix",
        "owner": "Open-Wine-Components",
        "repo": "umu-launcher",
        "rev": "59a82ea8cd284c7535bc06b8f6156abb7da96f6a",
        "type": "github"
      }
    }
  },
  "root": "root",
  "version": 7
}
